
Microsoft Visual Studio Solution File, Format Version 12.00
# Visual Studio Version 16
VisualStudioVersion = 16.0.28803.202
MinimumVisualStudioVersion = 10.0.40219.1
Project("{2150E333-8FDC-42A3-9474-1A3956D46DE8}") = "UI", "UI", "{FCC8E0CB-9EA4-4D6E-942E-1AE7BF418F7B}"
EndProject
Project("{FAE04EC0-301F-11D3-BF4B-00C04F79EFBC}") = "DemoAjaxPartialView.UI.MVC", "DemoAjaxPartialView.UI.MVC\DemoAjaxPartialView.UI.MVC.csproj", "{EA369B21-8821-43F2-9DC9-5A5695F1EE88}"
EndProject
Global
	GlobalSection(SolutionConfigurationPlatforms) = preSolution
		Debug|Any CPU = Debug|Any CPU
		Release|Any CPU = Release|Any CPU
	EndGlobalSection
	GlobalSection(ProjectConfigurationPlatforms) = postSolution
		{EA369B21-8821-43F2-9DC9-5A5695F1EE88}.Debug|Any CPU.ActiveCfg = Debug|Any CPU
		{EA369B21-8821-43F2-9DC9-5A5695F1EE88}.Debug|Any CPU.Build.0 = Debug|Any CPU
		{EA369B21-8821-43F2-9DC9-5A5695F1EE88}.Release|Any CPU.ActiveCfg = Release|Any CPU
		{EA369B21-8821-43F2-9DC9-5A5695F1EE88}.Release|Any CPU.Build.0 = Release|Any CPU
	EndGlobalSection
	GlobalSection(SolutionProperties) = preSolution
		HideSolutionNode = FALSE
	EndGlobalSection
	GlobalSection(NestedProjects) = preSolution
		{EA369B21-8821-43F2-9DC9-5A5695F1EE88} = {FCC8E0CB-9EA4-4D6E-942E-1AE7BF418F7B}
	EndGlobalSection
	GlobalSection(ExtensibilityGlobals) = postSolution
		SolutionGuid = {A596A2E6-5459-4750-82C9-A6C384C17CD7}
	EndGlobalSection
EndGlobal
